// !$*UTF8*$!
{
	archiveVersion = 1;
	classes = {
	};
	objectVersion = 46;
	objects = {

/* Begin PBXBuildFile section */
		12C14C321D87C4F000FC619B /* AppDelegate.swift in Sources */ = {isa = PBXBuildFile; fileRef = 12C14C311D87C4F000FC619B /* AppDelegate.swift */; };
		12C14C341D87C4F000FC619B /* ViewController.swift in Sources */ = {isa = PBXBuildFile; fileRef = 12C14C331D87C4F000FC619B /* ViewController.swift */; };
		12C14C371D87C4F000FC619B /* Main.storyboard in Resources */ = {isa = PBXBuildFile; fileRef = 12C14C351D87C4F000FC619B /* Main.storyboard */; };
		12C14C391D87C4F000FC619B /* Assets.xcassets in Resources */ = {isa = PBXBuildFile; fileRef = 12C14C381D87C4F000FC619B /* Assets.xcassets */; };
		12C14C3C1D87C4F000FC619B /* LaunchScreen.storyboard in Resources */ = {isa = PBXBuildFile; fileRef = 12C14C3A1D87C4F000FC619B /* LaunchScreen.storyboard */; };
		12C14C441D87C50800FC619B /* AudioSessionManager.swift in Sources */ = {isa = PBXBuildFile; fileRef = 12C14C431D87C50800FC619B /* AudioSessionManager.swift */; };
/* End PBXBuildFile section */

/* Begin PBXFileReference section */
		12C14C2E1D87C4F000FC619B /* AudioTest.app */ = {isa = PBXFileReference; explicitFileType = wrapper.application; includeInIndex = 0; path = AudioTest.app; sourceTree = BUILT_PRODUCTS_DIR; };
		12C14C311D87C4F000FC619B /* AppDelegate.swift */ = {isa = PBXFileReference; lastKnownFileType = sourcecode.swift; path = AppDelegate.swift; sourceTree = "<group>"; };
		12C14C331D87C4F000FC619B /* ViewController.swift */ = {isa = PBXFileReference; lastKnownFileType = sourcecode.swift; path = ViewController.swift; sourceTree = "<group>"; };
		12C14C361D87C4F000FC619B /* Base */ = {isa = PBXFileReference; lastKnownFileType = file.storyboard; name = Base; path = Base.lproj/Main.storyboard; sourceTree = "<group>"; };
		12C14C381D87C4F000FC619B /* Assets.xcassets */ = {isa = PBXFileReference; lastKnownFileType = folder.assetcatalog; path = Assets.xcassets; sourceTree = "<group>"; };
		12C14C3B1D87C4F000FC619B /* Base */ = {isa = PBXFileReference; lastKnownFileType = file.storyboard; name = Base; path = Base.lproj/LaunchScreen.storyboard; sourceTree = "<group>"; };
		12C14C3D1D87C4F000FC619B /* Info.plist */ = {isa = PBXFileReference; lastKnownFileType = text.plist.xml; path = Info.plist; sourceTree = "<group>"; };
		12C14C431D87C50800FC619B /* AudioSessionManager.swift */ = {isa = PBXFileReference; fileEncoding = 4; lastKnownFileType = sourcecode.swift; path = AudioSessionManager.swift; sourceTree = "<group>"; };
/* End PBXFileReference section */

/* Begin PBXFrameworksBuildPhase section */
		12C14C2B1D87C4F000FC619B /* Frameworks */ = {
			isa = PBXFrameworksBuildPhase;
			buildActionMask = 2147483647;
			files = (
			);
			runOnlyForDeploymentPostprocessing = 0;
		};
/* End PBXFrameworksBuildPhase section */

/* Begin PBXGroup section */
		12C14C251D87C4F000FC619B = {
			isa = PBXGroup;
			children = (
				12C14C301D87C4F000FC619B /* AudioTest */,
				12C14C2F1D87C4F000FC619B /* Products */,
			);
			sourceTree = "<group>";
		};
		12C14C2F1D87C4F000FC619B /* Products */ = {
			isa = PBXGroup;
			children = (
				12C14C2E1D87C4F000FC619B /* AudioTest.app */,
			);
			name = Products;
			sourceTree = "<group>";
		};
		12C14C301D87C4F000FC619B /* AudioTest */ = {
			isa = PBXGroup;
			children = (
				12C14C311D87C4F000FC619B /* AppDelegate.swift */,
				12C14C331D87C4F000FC619B /* ViewController.swift */,
				12C14C351D87C4F000FC619B /* Main.storyboard */,
				12C14C381D87C4F000FC619B /* Assets.xcassets */,
				12C14C3A1D87C4F000FC619B /* LaunchScreen.storyboard */,
				12C14C3D1D87C4F000FC619B /* Info.plist */,
				12C14C431D87C50800FC619B /* AudioSessionManager.swift */,
			);
			path = AudioTest;
			sourceTree = "<group>";
		};
/* End PBXGroup section */

/* Begin PBXNativeTarget section */
		12C14C2D1D87C4F000FC619B /* AudioTest */ = {
			isa = PBXNativeTarget;
			buildConfigurationList = 12C14C401D87C4F000FC619B /* Build configuration list for PBXNativeTarget "AudioTest" */;
			buildPhases = (
				12C14C2A1D87C4F000FC619B /* Sources */,
				12C14C2B1D87C4F000FC619B /* Frameworks */,
				12C14C2C1D87C4F000FC619B /* Resources */,
			);
			buildRules = (
			);
			dependencies = (
			);
			name = AudioTest;
			productName = AudioTest;
			productReference = 12C14C2E1D87C4F000FC619B /* AudioTest.app */;
			productType = "com.apple.product-type.application";
		};
/* End PBXNativeTarget section */

/* Begin PBXProject section */
		12C14C261D87C4F000FC619B /* Project object */ = {
			isa = PBXProject;
			attributes = {
				LastSwiftUpdateCheck = 0800;
				LastUpgradeCheck = 0800;
				ORGANIZATIONNAME = "Beam Communications";
				TargetAttributes = {
					12C14C2D1D87C4F000FC619B = {
						CreatedOnToolsVersion = 8.0;
						DevelopmentTeam = 337Z8P6WA4;
						ProvisioningStyle = Automatic;
					};
				};
			};
			buildConfigurationList = 12C14C291D87C4F000FC619B /* Build configuration list for PBXProject "AudioTest" */;
			compatibilityVersion = "Xcode 3.2";
			developmentRegion = English;
			hasScannedForEncodings = 0;
			knownRegions = (
				en,
				Base,
			);
			mainGroup = 12C14C251D87C4F000FC619B;
			productRefGroup = 12C14C2F1D87C4F000FC619B /* Products */;
			projectDirPath = "";
			projectRoot = "";
			targets = (
				12C14C2D1D87C4F000FC619B /* AudioTest */,
			);
		};
/* End PBXProject section */

/* Begin PBXResourcesBuildPhase section */
		12C14C2C1D87C4F000FC619B /* Resources */ = {
			isa = PBXResourcesBuildPhase;
			buildActionMask = 2147483647;
			files = (
				12C14C3C1D87C4F000FC619B /* LaunchScreen.storyboard in Resources */,
				12C14C391D87C4F000FC619B /* Assets.xcassets in Resources */,
				12C14C371D87C4F000FC619B /* Main.storyboard in Resources */,
			);
			runOnlyForDeploymentPostprocessing = 0;
		};
/* End PBXResourcesBuildPhase section */

/* Begin PBXSourcesBuildPhase section */
		12C14C2A1D87C4F000FC619B /* Sources */ = {
			isa = PBXSourcesBuildPhase;
			buildActionMask = 2147483647;
			files = (
				12C14C341D87C4F000FC619B /* ViewController.swift in Sources */,
				12C14C441D87C50800FC619B /* AudioSessionManager.swift in Sources */,
				12C14C321D87C4F000FC619B /* AppDelegate.swift in Sources */,
			);
			runOnlyForDeploymentPostprocessing = 0;
		};
/* End PBXSourcesBuildPhase section */

/* Begin PBXVariantGroup section */
		12C14C351D87C4F000FC619B /* Main.storyboard */ = {
			isa = PBXVariantGroup;
			children = (
				12C14C361D87C4F000FC619B /* Base */,
			);
			name = Main.storyboard;
			sourceTree = "<group>";
		};
		12C14C3A1D87C4F000FC619B /* LaunchScreen.storyboard */ = {
			isa = PBXVariantGroup;
			children = (
				12C14C3B1D87C4F000FC619B /* Base */,
			);
			name = LaunchScreen.storyboard;
			sourceTree = "<group>";
		};
/* End PBXVariantGroup section */

/* Begin XCBuildConfiguration section */
		12C14C3E1D87C4F000FC619B /* Debug */ = {
			isa = XCBuildConfiguration;
			buildSettings = {
				ALWAYS_SEARCH_USER_PATHS = NO;
				CLANG_ANALYZER_NONNULL = YES;
				CLANG_CXX_LANGUAGE_STANDARD = "gnu++0x";
				CLANG_CXX_LIBRARY = "libc++";
				CLANG_ENABLE_MODULES = YES;
				CLANG_ENABLE_OBJC_ARC = YES;
				CLANG_WARN_BOOL_CONVERSION = YES;
				CLANG_WARN_CONSTANT_CONVERSION = YES;
				CLANG_WARN_DIRECT_OBJC_ISA_USAGE = YES_ERROR;
				CLANG_WARN_DOCUMENTATION_COMMENTS = YES;
				CLANG_WARN_EMPTY_BODY = YES;
				CLANG_WARN_ENUM_CONVERSION = YES;
				CLANG_WARN_INFINITE_RECURSION = YES;
				CLANG_WARN_INT_CONVERSION = YES;
				CLANG_WARN_OBJC_ROOT_CLASS = YES_ERROR;
				CLANG_WARN_SUSPICIOUS_MOVES = YES;
				CLANG_WARN_UNREACHABLE_CODE = YES;
				CLANG_WARN__DUPLICATE_METHOD_MATCH = YES;
				"CODE_SIGN_IDENTITY[sdk=iphoneos*]" = "iPhone Developer";
				COPY_PHASE_STRIP = NO;
				DEBUG_INFORMATION_FORMAT = dwarf;
				ENABLE_STRICT_OBJC_MSGSEND = YES;
				ENABLE_TESTABILITY = YES;
				GCC_C_LANGUAGE_STANDARD = gnu99;
				GCC_DYNAMIC_NO_PIC = NO;
				GCC_NO_COMMON_BLOCKS = YES;
				GCC_OPTIMIZATION_LEVEL = 0;
				GCC_PREPROCESSOR_DEFINITIONS = (
					"DEBUG=1",
					"$(inherited)",
				);
				GCC_WARN_64_TO_32_BIT_CONVERSION = YES;
				GCC_WARN_ABOUT_RETURN_TYPE = YES_ERROR;
				GCC_WARN_UNDECLARED_SELECTOR = YES;
				GCC_WARN_UNINITIALIZED_AUTOS = YES_AGGRESSIVE;
				GCC_WARN_UNUSED_FUNCTION = YES;
				GCC_WARN_UNUSED_VARIABLE = YES;
				IPHONEOS_DEPLOYMENT_TARGET = 10.0;
				MTL_ENABLE_DEBUG_INFO = YES;
				ONLY_ACTIVE_ARCH = YES;
				SDKROOT = iphoneos;
				SWIFT_ACTIVE_COMPILATION_CONDITIONS = DEBUG;
				SWIFT_OPTIMIZATION_LEVEL = "-Onone";
				TARGETED_DEVICE_FAMILY = "1,2";
			};
			name = Debug;
		};
		12C14C3F1D87C4F000FC619B /* Release */ = {
			isa = XCBuildConfiguration;
			buildSettings = {
				ALWAYS_SEARCH_USER_PATHS = NO;
				CLANG_ANALYZER_NONNULL = YES;
				CLANG_CXX_LANGUAGE_STANDARD = "gnu++0x";
				CLANG_CXX_LIBRARY = "libc++";
				CLANG_ENABLE_MODULES = YES;
				CLANG_ENABLE_OBJC_ARC = YES;
				CLANG_WARN_BOOL_CONVERSION = YES;
				CLANG_WARN_CONSTANT_CONVERSION = YES;
				CLANG_WARN_DIRECT_OBJC_ISA_USAGE = YES_ERROR;
				CLANG_WARN_DOCUMENTATION_COMMENTS = YES;
				CLANG_WARN_EMPTY_BODY = YES;
				CLANG_WARN_ENUM_CONVERSION = YES;
				CLANG_WARN_INFINITE_RECURSION = YES;
				CLANG_WARN_INT_CONVERSION = YES;
				CLANG_WARN_OBJC_ROOT_CLASS = YES_ERROR;
				CLANG_WARN_SUSPICIOUS_MOVES = YES;
				CLANG_WARN_UNREACHABLE_CODE = YES;
				CLANG_WARN__DUPLICATE_METHOD_MATCH = YES;
				"CODE_SIGN_IDENTITY[sdk=iphoneos*]" = "iPhone Developer";
				COPY_PHASE_STRIP = NO;
				DEBUG_INFORMATION_FORMAT = "dwarf-with-dsym";
				ENABLE_NS_ASSERTIONS = NO;
				ENABLE_STRICT_OBJC_MSGSEND = YES;
				GCC_C_LANGUAGE_STANDARD = gnu99;
				GCC_NO_COMMON_BLOCKS = YES;
				GCC_WARN_64_TO_32_BIT_CONVERSION = YES;
				GCC_WARN_ABOUT_RETURN_TYPE = YES_ERROR;
				GCC_WARN_UNDECLARED_SELECTOR = YES;
				GCC_WARN_UNINITIALIZED_AUTOS = YES_AGGRESSIVE;
				GCC_WARN_UNUSED_FUNCTION = YES;
				GCC_WARN_UNUSED_VARIABLE = YES;
				IPHONEOS_DEPLOYMENT_TARGET = 10.0;
				MTL_ENABLE_DEBUG_INFO = NO;
				SDKROOT = iphoneos;
				SWIFT_OPTIMIZATION_LEVEL = "-Owholemodule";
				TARGETED_DEVICE_FAMILY = "1,2";
				VALIDATE_PRODUCT = YES;
			};
			name = Release;
		};
		12C14C411D87C4F000FC619B /* Debug */ = {
			isa = XCBuildConfiguration;
			buildSettings = {
				ASSETCATALOG_COMPILER_APPICON_NAME = AppIcon;
				DEVELOPMENT_TEAM = 337Z8P6WA4;
				INFOPLIST_FILE = AudioTest/Info.plist;
				LD_RUNPATH_SEARCH_PATHS = "$(inherited) @executable_path/Frameworks";
				PRODUCT_BUNDLE_IDENTIFIER = com.beamcommunications.AudioTest;
				PRODUCT_NAME = "$(TARGET_NAME)";
				SWIFT_VERSION = 3.0;
			};
			name = Debug;
		};
		12C14C421D87C4F000FC619B /* Release */ = {
			isa = XCBuildConfiguration;
			buildSettings = {
				ASSETCATALOG_COMPILER_APPICON_NAME = AppIcon;
				DEVELOPMENT_TEAM = 337Z8P6WA4;
				INFOPLIST_FILE = AudioTest/Info.plist;
				LD_RUNPATH_SEARCH_PATHS = "$(inherited) @executable_path/Frameworks";
				PRODUCT_BUNDLE_IDENTIFIER = com.beamcommunications.AudioTest;
				PRODUCT_NAME = "$(TARGET_NAME)";
				SWIFT_VERSION = 3.0;
			};
			name = Release;
		};
/* End XCBuildConfiguration section */

/* Begin XCConfigurationList section */
		12C14C291D87C4F000FC619B /* Build configuration list for PBXProject "AudioTest" */ = {
			isa = XCConfigurationList;
			buildConfigurations = (
				12C14C3E1D87C4F000FC619B /* Debug */,
				12C14C3F1D87C4F000FC619B /* Release */,
			);
			defaultConfigurationIsVisible = 0;
			defaultConfigurationName = Release;
		};
		12C14C401D87C4F000FC619B /* Build configuration list for PBXNativeTarget "AudioTest" */ = {
			isa = XCConfigurationList;
			buildConfigurations = (
				12C14C411D87C4F000FC619B /* Debug */,
				12C14C421D87C4F000FC619B /* Release */,
			);
			defaultConfigurationIsVisible = 0;
		};
/* End XCConfigurationList section */
	};
	rootObject = 12C14C261D87C4F000FC619B /* Project object */;
}
